// !$*UTF8*$!
{
	archiveVersion = 1;
	classes = {
	};
	objectVersion = 46;
	objects = {

/* Begin PBXBuildFile section */
		FA7A7DCE1D381189002C811A /* AppDelegate.swift in Sources */ = {isa = PBXBuildFile; fileRef = FA7A7DCD1D381189002C811A /* AppDelegate.swift */; };
		FA7A7DD01D381189002C811A /* RecordSoundsViewController.swift in Sources */ = {isa = PBXBuildFile; fileRef = FA7A7DCF1D381189002C811A /* RecordSoundsViewController.swift */; };
		FA7A7DD31D381189002C811A /* Main.storyboard in Resources */ = {isa = PBXBuildFile; fileRef = FA7A7DD11D381189002C811A /* Main.storyboard */; };
		FA7A7DD51D381189002C811A /* Assets.xcassets in Resources */ = {isa = PBXBuildFile; fileRef = FA7A7DD41D381189002C811A /* Assets.xcassets */; };
		FA7A7DD81D381189002C811A /* LaunchScreen.storyboard in Resources */ = {isa = PBXBuildFile; fileRef = FA7A7DD61D381189002C811A /* LaunchScreen.storyboard */; };
		FA7A7DE31D381189002C811A /* PitchPerfectTests.swift in Sources */ = {isa = PBXBuildFile; fileRef = FA7A7DE21D381189002C811A /* PitchPerfectTests.swift */; };
		FA7A7DEE1D381189002C811A /* PitchPerfectUITests.swift in Sources */ = {isa = PBXBuildFile; fileRef = FA7A7DED1D381189002C811A /* PitchPerfectUITests.swift */; };
		FA7A7DFC1D38831B002C811A /* PlaySoundsViewController.swift in Sources */ = {isa = PBXBuildFile; fileRef = FA7A7DFB1D38831B002C811A /* PlaySoundsViewController.swift */; };
		FA7A7E021D396593002C811A /* PlaySoundsViewController+Audio.swift in Sources */ = {isa = PBXBuildFile; fileRef = FA7A7E011D396593002C811A /* PlaySoundsViewController+Audio.swift */; };
/* End PBXBuildFile section */

/* Begin PBXContainerItemProxy section */
		FA7A7DDF1D381189002C811A /* PBXContainerItemProxy */ = {
			isa = PBXContainerItemProxy;
			containerPortal = FA7A7DC21D381189002C811A /* Project object */;
			proxyType = 1;
			remoteGlobalIDString = FA7A7DC91D381189002C811A;
			remoteInfo = PitchPerfect;
		};
		FA7A7DEA1D381189002C811A /* PBXContainerItemProxy */ = {
			isa = PBXContainerItemProxy;
			containerPortal = FA7A7DC21D381189002C811A /* Project object */;
			proxyType = 1;
			remoteGlobalIDString = FA7A7DC91D381189002C811A;
			remoteInfo = PitchPerfect;
		};
/* End PBXContainerItemProxy section */

/* Begin PBXFileReference section */
		FA7A7DCA1D381189002C811A /* PitchPerfect.app */ = {isa = PBXFileReference; explicitFileType = wrapper.application; includeInIndex = 0; path = PitchPerfect.app; sourceTree = BUILT_PRODUCTS_DIR; };
		FA7A7DCD1D381189002C811A /* AppDelegate.swift */ = {isa = PBXFileReference; lastKnownFileType = sourcecode.swift; path = AppDelegate.swift; sourceTree = "<group>"; };
		FA7A7DCF1D381189002C811A /* RecordSoundsViewController.swift */ = {isa = PBXFileReference; lastKnownFileType = sourcecode.swift; path = RecordSoundsViewController.swift; sourceTree = "<group>"; };
		FA7A7DD21D381189002C811A /* Base */ = {isa = PBXFileReference; lastKnownFileType = file.storyboard; name = Base; path = Base.lproj/Main.storyboard; sourceTree = "<group>"; };
		FA7A7DD41D381189002C811A /* Assets.xcassets */ = {isa = PBXFileReference; lastKnownFileType = folder.assetcatalog; path = Assets.xcassets; sourceTree = "<group>"; };
		FA7A7DD71D381189002C811A /* Base */ = {isa = PBXFileReference; lastKnownFileType = file.storyboard; name = Base; path = Base.lproj/LaunchScreen.storyboard; sourceTree = "<group>"; };
		FA7A7DD91D381189002C811A /* Info.plist */ = {isa = PBXFileReference; lastKnownFileType = text.plist.xml; path = Info.plist; sourceTree = "<group>"; };
		FA7A7DDE1D381189002C811A /* PitchPerfectTests.xctest */ = {isa = PBXFileReference; explicitFileType = wrapper.cfbundle; includeInIndex = 0; path = PitchPerfectTests.xctest; sourceTree = BUILT_PRODUCTS_DIR; };
		FA7A7DE21D381189002C811A /* PitchPerfectTests.swift */ = {isa = PBXFileReference; lastKnownFileType = sourcecode.swift; path = PitchPerfectTests.swift; sourceTree = "<group>"; };
		FA7A7DE41D381189002C811A /* Info.plist */ = {isa = PBXFileReference; lastKnownFileType = text.plist.xml; path = Info.plist; sourceTree = "<group>"; };
		FA7A7DE91D381189002C811A /* PitchPerfectUITests.xctest */ = {isa = PBXFileReference; explicitFileType = wrapper.cfbundle; includeInIndex = 0; path = PitchPerfectUITests.xctest; sourceTree = BUILT_PRODUCTS_DIR; };
		FA7A7DED1D381189002C811A /* PitchPerfectUITests.swift */ = {isa = PBXFileReference; lastKnownFileType = sourcecode.swift; path = PitchPerfectUITests.swift; sourceTree = "<group>"; };
		FA7A7DEF1D381189002C811A /* Info.plist */ = {isa = PBXFileReference; lastKnownFileType = text.plist.xml; path = Info.plist; sourceTree = "<group>"; };
		FA7A7DFB1D38831B002C811A /* PlaySoundsViewController.swift */ = {isa = PBXFileReference; fileEncoding = 4; lastKnownFileType = sourcecode.swift; path = PlaySoundsViewController.swift; sourceTree = "<group>"; };
		FA7A7E011D396593002C811A /* PlaySoundsViewController+Audio.swift */ = {isa = PBXFileReference; fileEncoding = 4; lastKnownFileType = sourcecode.swift; path = "PlaySoundsViewController+Audio.swift"; sourceTree = "<group>"; };
/* End PBXFileReference section */

/* Begin PBXFrameworksBuildPhase section */
		FA7A7DC71D381189002C811A /* Frameworks */ = {
			isa = PBXFrameworksBuildPhase;
			buildActionMask = 2147483647;
			files = (
			);
			runOnlyForDeploymentPostprocessing = 0;
		};
		FA7A7DDB1D381189002C811A /* Frameworks */ = {
			isa = PBXFrameworksBuildPhase;
			buildActionMask = 2147483647;
			files = (
			);
			runOnlyForDeploymentPostprocessing = 0;
		};
		FA7A7DE61D381189002C811A /* Frameworks */ = {
			isa = PBXFrameworksBuildPhase;
			buildActionMask = 2147483647;
			files = (
			);
			runOnlyForDeploymentPostprocessing = 0;
		};
/* End PBXFrameworksBuildPhase section */

/* Begin PBXGroup section */
		FA7A7DC11D381189002C811A = {
			isa = PBXGroup;
			children = (
				FA7A7DCC1D381189002C811A /* PitchPerfect */,
				FA7A7DE11D381189002C811A /* PitchPerfectTests */,
				FA7A7DEC1D381189002C811A /* PitchPerfectUITests */,
				FA7A7DCB1D381189002C811A /* Products */,
			);
			sourceTree = "<group>";
		};
		FA7A7DCB1D381189002C811A /* Products */ = {
			isa = PBXGroup;
			children = (
				FA7A7DCA1D381189002C811A /* PitchPerfect.app */,
				FA7A7DDE1D381189002C811A /* PitchPerfectTests.xctest */,
				FA7A7DE91D381189002C811A /* PitchPerfectUITests.xctest */,
			);
			name = Products;
			sourceTree = "<group>";
		};
		FA7A7DCC1D381189002C811A /* PitchPerfect */ = {
			isa = PBXGroup;
			children = (
				FA7A7DCD1D381189002C811A /* AppDelegate.swift */,
				FA7A7DCF1D381189002C811A /* RecordSoundsViewController.swift */,
				FA7A7DFB1D38831B002C811A /* PlaySoundsViewController.swift */,
				FA7A7E011D396593002C811A /* PlaySoundsViewController+Audio.swift */,
				FA7A7DD11D381189002C811A /* Main.storyboard */,
				FA7A7DD41D381189002C811A /* Assets.xcassets */,
				FA7A7DD61D381189002C811A /* LaunchScreen.storyboard */,
				FA7A7DD91D381189002C811A /* Info.plist */,
			);
			path = PitchPerfect;
			sourceTree = "<group>";
		};
		FA7A7DE11D381189002C811A /* PitchPerfectTests */ = {
			isa = PBXGroup;
			children = (
				FA7A7DE21D381189002C811A /* PitchPerfectTests.swift */,
				FA7A7DE41D381189002C811A /* Info.plist */,
			);
			path = PitchPerfectTests;
			sourceTree = "<group>";
		};
		FA7A7DEC1D381189002C811A /* PitchPerfectUITests */ = {
			isa = PBXGroup;
			children = (
				FA7A7DED1D381189002C811A /* PitchPerfectUITests.swift */,
				FA7A7DEF1D381189002C811A /* Info.plist */,
			);
			path = PitchPerfectUITests;
			sourceTree = "<group>";
		};
/* End PBXGroup section */

/* Begin PBXNativeTarget section */
		FA7A7DC91D381189002C811A /* PitchPerfect */ = {
			isa = PBXNativeTarget;
			buildConfigurationList = FA7A7DF21D381189002C811A /* Build configuration list for PBXNativeTarget "PitchPerfect" */;
			buildPhases = (
				FA7A7DC61D381189002C811A /* Sources */,
				FA7A7DC71D381189002C811A /* Frameworks */,
				FA7A7DC81D381189002C811A /* Resources */,
			);
			buildRules = (
			);
			dependencies = (
			);
			name = PitchPerfect;
			productName = PitchPerfect;
			productReference = FA7A7DCA1D381189002C811A /* PitchPerfect.app */;
			productType = "com.apple.product-type.application";
		};
		FA7A7DDD1D381189002C811A /* PitchPerfectTests */ = {
			isa = PBXNativeTarget;
			buildConfigurationList = FA7A7DF51D381189002C811A /* Build configuration list for PBXNativeTarget "PitchPerfectTests" */;
			buildPhases = (
				FA7A7DDA1D381189002C811A /* Sources */,
				FA7A7DDB1D381189002C811A /* Frameworks */,
				FA7A7DDC1D381189002C811A /* Resources */,
			);
			buildRules = (
			);
			dependencies = (
				FA7A7DE01D381189002C811A /* PBXTargetDependency */,
			);
			name = PitchPerfectTests;
			productName = PitchPerfectTests;
			productReference = FA7A7DDE1D381189002C811A /* PitchPerfectTests.xctest */;
			productType = "com.apple.product-type.bundle.unit-test";
		};
		FA7A7DE81D381189002C811A /* PitchPerfectUITests */ = {
			isa = PBXNativeTarget;
			buildConfigurationList = FA7A7DF81D381189002C811A /* Build configuration list for PBXNativeTarget "PitchPerfectUITests" */;
			buildPhases = (
				FA7A7DE51D381189002C811A /* Sources */,
				FA7A7DE61D381189002C811A /* Frameworks */,
				FA7A7DE71D381189002C811A /* Resources */,
			);
			buildRules = (
			);
			dependencies = (
				FA7A7DEB1D381189002C811A /* PBXTargetDependency */,
			);
			name = PitchPerfectUITests;
			productName = PitchPerfectUITests;
			productReference = FA7A7DE91D381189002C811A /* PitchPerfectUITests.xctest */;
			productType = "com.apple.product-type.bundle.ui-testing";
		};
/* End PBXNativeTarget section */

/* Begin PBXProject section */
		FA7A7DC21D381189002C811A /* Project object */ = {
			isa = PBXProject;
			attributes = {
				LastSwiftUpdateCheck = 0730;
				LastUpgradeCheck = 0730;
				ORGANIZATIONNAME = murilodl;
				TargetAttributes = {
					FA7A7DC91D381189002C811A = {
						CreatedOnToolsVersion = 7.3.1;
						DevelopmentTeam = CBMGWZ6EJB;
					};
					FA7A7DDD1D381189002C811A = {
						CreatedOnToolsVersion = 7.3.1;
						TestTargetID = FA7A7DC91D381189002C811A;
					};
					FA7A7DE81D381189002C811A = {
						CreatedOnToolsVersion = 7.3.1;
						TestTargetID = FA7A7DC91D381189002C811A;
					};
				};
			};
			buildConfigurationList = FA7A7DC51D381189002C811A /* Build configuration list for PBXProject "PitchPerfect" */;
			compatibilityVersion = "Xcode 3.2";
			developmentRegion = English;
			hasScannedForEncodings = 0;
			knownRegions = (
				en,
				Base,
			);
			mainGroup = FA7A7DC11D381189002C811A;
			productRefGroup = FA7A7DCB1D381189002C811A /* Products */;
			projectDirPath = "";
			projectRoot = "";
			targets = (
				FA7A7DC91D381189002C811A /* PitchPerfect */,
				FA7A7DDD1D381189002C811A /* PitchPerfectTests */,
				FA7A7DE81D381189002C811A /* PitchPerfectUITests */,
			);
		};
/* End PBXProject section */

/* Begin PBXResourcesBuildPhase section */
		FA7A7DC81D381189002C811A /* Resources */ = {
			isa = PBXResourcesBuildPhase;
			buildActionMask = 2147483647;
			files = (
				FA7A7DD81D381189002C811A /* LaunchScreen.storyboard in Resources */,
				FA7A7DD51D381189002C811A /* Assets.xcassets in Resources */,
				FA7A7DD31D381189002C811A /* Main.storyboard in Resources */,
			);
			runOnlyForDeploymentPostprocessing = 0;
		};
		FA7A7DDC1D381189002C811A /* Resources */ = {
			isa = PBXResourcesBuildPhase;
			buildActionMask = 2147483647;
			files = (
			);
			runOnlyForDeploymentPostprocessing = 0;
		};
		FA7A7DE71D381189002C811A /* Resources */ = {
			isa = PBXResourcesBuildPhase;
			buildActionMask = 2147483647;
			files = (
			);
			runOnlyForDeploymentPostprocessing = 0;
		};
/* End PBXResourcesBuildPhase section */

/* Begin PBXSourcesBuildPhase section */
		FA7A7DC61D381189002C811A /* Sources */ = {
			isa = PBXSourcesBuildPhase;
			buildActionMask = 2147483647;
			files = (
				FA7A7DD01D381189002C811A /* RecordSoundsViewController.swift in Sources */,
				FA7A7E021D396593002C811A /* PlaySoundsViewController+Audio.swift in Sources */,
				FA7A7DFC1D38831B002C811A /* PlaySoundsViewController.swift in Sources */,
				FA7A7DCE1D381189002C811A /* AppDelegate.swift in Sources */,
			);
			runOnlyForDeploymentPostprocessing = 0;
		};
		FA7A7DDA1D381189002C811A /* Sources */ = {
			isa = PBXSourcesBuildPhase;
			buildActionMask = 2147483647;
			files = (
				FA7A7DE31D381189002C811A /* PitchPerfectTests.swift in Sources */,
			);
			runOnlyForDeploymentPostprocessing = 0;
		};
		FA7A7DE51D381189002C811A /* Sources */ = {
			isa = PBXSourcesBuildPhase;
			buildActionMask = 2147483647;
			files = (
				FA7A7DEE1D381189002C811A /* PitchPerfectUITests.swift in Sources */,
			);
			runOnlyForDeploymentPostprocessing = 0;
		};
/* End PBXSourcesBuildPhase section */

/* Begin PBXTargetDependency section */
		FA7A7DE01D381189002C811A /* PBXTargetDependency */ = {
			isa = PBXTargetDependency;
			target = FA7A7DC91D381189002C811A /* PitchPerfect */;
			targetProxy = FA7A7DDF1D381189002C811A /* PBXContainerItemProxy */;
		};
		FA7A7DEB1D381189002C811A /* PBXTargetDependency */ = {
			isa = PBXTargetDependency;
			target = FA7A7DC91D381189002C811A /* PitchPerfect */;
			targetProxy = FA7A7DEA1D381189002C811A /* PBXContainerItemProxy */;
		};
/* End PBXTargetDependency section */

/* Begin PBXVariantGroup section */
		FA7A7DD11D381189002C811A /* Main.storyboard */ = {
			isa = PBXVariantGroup;
			children = (
				FA7A7DD21D381189002C811A /* Base */,
			);
			name = Main.storyboard;
			sourceTree = "<group>";
		};
		FA7A7DD61D381189002C811A /* LaunchScreen.storyboard */ = {
			isa = PBXVariantGroup;
			children = (
				FA7A7DD71D381189002C811A /* Base */,
			);
			name = LaunchScreen.storyboard;
			sourceTree = "<group>";
		};
/* End PBXVariantGroup section */

/* Begin XCBuildConfiguration section */
		FA7A7DF01D381189002C811A /* Debug */ = {
			isa = XCBuildConfiguration;
			buildSettings = {
				ALWAYS_SEARCH_USER_PATHS = NO;
				CLANG_ANALYZER_NONNULL = YES;
				CLANG_CXX_LANGUAGE_STANDARD = "gnu++0x";
				CLANG_CXX_LIBRARY = "libc++";
				CLANG_ENABLE_MODULES = YES;
				CLANG_ENABLE_OBJC_ARC = YES;
				CLANG_WARN_BOOL_CONVERSION = YES;
				CLANG_WARN_CONSTANT_CONVERSION = YES;
				CLANG_WARN_DIRECT_OBJC_ISA_USAGE = YES_ERROR;
				CLANG_WARN_EMPTY_BODY = YES;
				CLANG_WARN_ENUM_CONVERSION = YES;
				CLANG_WARN_INT_CONVERSION = YES;
				CLANG_WARN_OBJC_ROOT_CLASS = YES_ERROR;
				CLANG_WARN_UNREACHABLE_CODE = YES;
				CLANG_WARN__DUPLICATE_METHOD_MATCH = YES;
				"CODE_SIGN_IDENTITY[sdk=iphoneos*]" = "iPhone Developer";
				COPY_PHASE_STRIP = NO;
				DEBUG_INFORMATION_FORMAT = dwarf;
				ENABLE_STRICT_OBJC_MSGSEND = YES;
				ENABLE_TESTABILITY = YES;
				GCC_C_LANGUAGE_STANDARD = gnu99;
				GCC_DYNAMIC_NO_PIC = NO;
				GCC_NO_COMMON_BLOCKS = YES;
				GCC_OPTIMIZATION_LEVEL = 0;
				GCC_PREPROCESSOR_DEFINITIONS = (
					"DEBUG=1",
					"$(inherited)",
				);
				GCC_WARN_64_TO_32_BIT_CONVERSION = YES;
				GCC_WARN_ABOUT_RETURN_TYPE = YES_ERROR;
				GCC_WARN_UNDECLARED_SELECTOR = YES;
				GCC_WARN_UNINITIALIZED_AUTOS = YES_AGGRESSIVE;
				GCC_WARN_UNUSED_FUNCTION = YES;
				GCC_WARN_UNUSED_VARIABLE = YES;
				IPHONEOS_DEPLOYMENT_TARGET = 9.3;
				MTL_ENABLE_DEBUG_INFO = YES;
				ONLY_ACTIVE_ARCH = YES;
				SDKROOT = iphoneos;
				SWIFT_OPTIMIZATION_LEVEL = "-Onone";
				TARGETED_DEVICE_FAMILY = "1,2";
			};
			name = Debug;
		};
		FA7A7DF11D381189002C811A /* Release */ = {
			isa = XCBuildConfiguration;
			buildSettings = {
				ALWAYS_SEARCH_USER_PATHS = NO;
				CLANG_ANALYZER_NONNULL = YES;
				CLANG_CXX_LANGUAGE_STANDARD = "gnu++0x";
				CLANG_CXX_LIBRARY = "libc++";
				CLANG_ENABLE_MODULES = YES;
				CLANG_ENABLE_OBJC_ARC = YES;
				CLANG_WARN_BOOL_CONVERSION = YES;
				CLANG_WARN_CONSTANT_CONVERSION = YES;
				CLANG_WARN_DIRECT_OBJC_ISA_USAGE = YES_ERROR;
				CLANG_WARN_EMPTY_BODY = YES;
				CLANG_WARN_ENUM_CONVERSION = YES;
				CLANG_WARN_INT_CONVERSION = YES;
				CLANG_WARN_OBJC_ROOT_CLASS = YES_ERROR;
				CLANG_WARN_UNREACHABLE_CODE = YES;
				CLANG_WARN__DUPLICATE_METHOD_MATCH = YES;
				"CODE_SIGN_IDENTITY[sdk=iphoneos*]" = "iPhone Developer";
				COPY_PHASE_STRIP = NO;
				DEBUG_INFORMATION_FORMAT = "dwarf-with-dsym";
				ENABLE_NS_ASSERTIONS = NO;
				ENABLE_STRICT_OBJC_MSGSEND = YES;
				GCC_C_LANGUAGE_STANDARD = gnu99;
				GCC_NO_COMMON_BLOCKS = YES;
				GCC_WARN_64_TO_32_BIT_CONVERSION = YES;
				GCC_WARN_ABOUT_RETURN_TYPE = YES_ERROR;
				GCC_WARN_UNDECLARED_SELECTOR = YES;
				GCC_WARN_UNINITIALIZED_AUTOS = YES_AGGRESSIVE;
				GCC_WARN_UNUSED_FUNCTION = YES;
				GCC_WARN_UNUSED_VARIABLE = YES;
				IPHONEOS_DEPLOYMENT_TARGET = 9.3;
				MTL_ENABLE_DEBUG_INFO = NO;
				SDKROOT = iphoneos;
				TARGETED_DEVICE_FAMILY = "1,2";
				VALIDATE_PRODUCT = YES;
			};
			name = Release;
		};
		FA7A7DF31D381189002C811A /* Debug */ = {
			isa = XCBuildConfiguration;
			buildSettings = {
				ASSETCATALOG_COMPILER_APPICON_NAME = AppIcon;
				CODE_SIGN_IDENTITY = "iPhone Developer";
				"CODE_SIGN_IDENTITY[sdk=iphoneos*]" = "iPhone Developer";
				INFOPLIST_FILE = PitchPerfect/Info.plist;
				LD_RUNPATH_SEARCH_PATHS = "$(inherited) @executable_path/Frameworks";
				PRODUCT_BUNDLE_IDENTIFIER = murilodl.PitchPerfect;
				PRODUCT_NAME = "$(TARGET_NAME)";
				PROVISIONING_PROFILE = "";
			};
			name = Debug;
		};
		FA7A7DF41D381189002C811A /* Release */ = {
			isa = XCBuildConfiguration;
			buildSettings = {
				ASSETCATALOG_COMPILER_APPICON_NAME = AppIcon;
				CODE_SIGN_IDENTITY = "iPhone Developer";
				"CODE_SIGN_IDENTITY[sdk=iphoneos*]" = "iPhone Developer";
				INFOPLIST_FILE = PitchPerfect/Info.plist;
				LD_RUNPATH_SEARCH_PATHS = "$(inherited) @executable_path/Frameworks";
				PRODUCT_BUNDLE_IDENTIFIER = murilodl.PitchPerfect;
				PRODUCT_NAME = "$(TARGET_NAME)";
				PROVISIONING_PROFILE = "";
			};
			name = Release;
		};
		FA7A7DF61D381189002C811A /* Debug */ = {
			isa = XCBuildConfiguration;
			buildSettings = {
				BUNDLE_LOADER = "$(TEST_HOST)";
				INFOPLIST_FILE = PitchPerfectTests/Info.plist;
				LD_RUNPATH_SEARCH_PATHS = "$(inherited) @executable_path/Frameworks @loader_path/Frameworks";
				PRODUCT_BUNDLE_IDENTIFIER = murilodl.PitchPerfectTests;
				PRODUCT_NAME = "$(TARGET_NAME)";
				TEST_HOST = "$(BUILT_PRODUCTS_DIR)/PitchPerfect.app/PitchPerfect";
			};
			name = Debug;
		};
		FA7A7DF71D381189002C811A /* Release */ = {
			isa = XCBuildConfiguration;
			buildSettings = {
				BUNDLE_LOADER = "$(TEST_HOST)";
				INFOPLIST_FILE = PitchPerfectTests/Info.plist;
				LD_RUNPATH_SEARCH_PATHS = "$(inherited) @executable_path/Frameworks @loader_path/Frameworks";
				PRODUCT_BUNDLE_IDENTIFIER = murilodl.PitchPerfectTests;
				PRODUCT_NAME = "$(TARGET_NAME)";
				TEST_HOST = "$(BUILT_PRODUCTS_DIR)/PitchPerfect.app/PitchPerfect";
			};
			name = Release;
		};
		FA7A7DF91D381189002C811A /* Debug */ = {
			isa = XCBuildConfiguration;
			buildSettings = {
				INFOPLIST_FILE = PitchPerfectUITests/Info.plist;
				LD_RUNPATH_SEARCH_PATHS = "$(inherited) @executable_path/Frameworks @loader_path/Frameworks";
				PRODUCT_BUNDLE_IDENTIFIER = murilodl.PitchPerfectUITests;
				PRODUCT_NAME = "$(TARGET_NAME)";
				TEST_TARGET_NAME = PitchPerfect;
			};
			name = Debug;
		};
		FA7A7DFA1D381189002C811A /* Release */ = {
			isa = XCBuildConfiguration;
			buildSettings = {
				INFOPLIST_FILE = PitchPerfectUITests/Info.plist;
				LD_RUNPATH_SEARCH_PATHS = "$(inherited) @executable_path/Frameworks @loader_path/Frameworks";
				PRODUCT_BUNDLE_IDENTIFIER = murilodl.PitchPerfectUITests;
				PRODUCT_NAME = "$(TARGET_NAME)";
				TEST_TARGET_NAME = PitchPerfect;
			};
			name = Release;
		};
/* End XCBuildConfiguration section */

/* Begin XCConfigurationList section */
		FA7A7DC51D381189002C811A /* Build configuration list for PBXProject "PitchPerfect" */ = {
			isa = XCConfigurationList;
			buildConfigurations = (
				FA7A7DF01D381189002C811A /* Debug */,
				FA7A7DF11D381189002C811A /* Release */,
			);
			defaultConfigurationIsVisible = 0;
			defaultConfigurationName = Release;
		};
		FA7A7DF21D381189002C811A /* Build configuration list for PBXNativeTarget "PitchPerfect" */ = {
			isa = XCConfigurationList;
			buildConfigurations = (
				FA7A7DF31D381189002C811A /* Debug */,
				FA7A7DF41D381189002C811A /* Release */,
			);
			defaultConfigurationIsVisible = 0;
			defaultConfigurationName = Release;
		};
		FA7A7DF51D381189002C811A /* Build configuration list for PBXNativeTarget "PitchPerfectTests" */ = {
			isa = XCConfigurationList;
			buildConfigurations = (
				FA7A7DF61D381189002C811A /* Debug */,
				FA7A7DF71D381189002C811A /* Release */,
			);
			defaultConfigurationIsVisible = 0;
			defaultConfigurationName = Release;
		};
		FA7A7DF81D381189002C811A /* Build configuration list for PBXNativeTarget "PitchPerfectUITests" */ = {
			isa = XCConfigurationList;
			buildConfigurations = (
				FA7A7DF91D381189002C811A /* Debug */,
				FA7A7DFA1D381189002C811A /* Release */,
			);
			defaultConfigurationIsVisible = 0;
			defaultConfigurationName = Release;
		};
/* End XCConfigurationList section */
	};
	rootObject = FA7A7DC21D381189002C811A /* Project object */;
}
